
Microsoft Visual Studio Solution File, Format Version 12.00
# Visual Studio Version 17
VisualStudioVersion = 17.8.34525.116
MinimumVisualStudioVersion = 10.0.40219.1
Project("{9A19103F-16F7-4668-BE54-9A1E7A4F7556}") = "FeTracker.Common", "FeTracker.Common\FeTracker.Common.csproj", "{BBE5767A-A344-4766-A08E-F53BC03318EC}"
EndProject
Project("{FAE04EC0-301F-11D3-BF4B-00C04F79EFBC}") = "FeTracker.Common.UnitTests", "FeTracker.Common.UnitTests\FeTracker.Common.UnitTests.csproj", "{EA8DABE5-317E-4094-A4D5-009DDBD3888D}"
EndProject
Global
	GlobalSection(SolutionConfigurationPlatforms) = preSolution
		Debug|Any CPU = Debug|Any CPU
		Release|Any CPU = Release|Any CPU
	EndGlobalSection
	GlobalSection(ProjectConfigurationPlatforms) = postSolution
		{BBE5767A-A344-4766-A08E-F53BC03318EC}.Debug|Any CPU.ActiveCfg = Debug|Any CPU
		{BBE5767A-A344-4766-A08E-F53BC03318EC}.Debug|Any CPU.Build.0 = Debug|Any CPU
		{BBE5767A-A344-4766-A08E-F53BC03318EC}.Release|Any CPU.ActiveCfg = Release|Any CPU
		{BBE5767A-A344-4766-A08E-F53BC03318EC}.Release|Any CPU.Build.0 = Release|Any CPU
		{EA8DABE5-317E-4094-A4D5-009DDBD3888D}.Debug|Any CPU.ActiveCfg = Debug|Any CPU
		{EA8DABE5-317E-4094-A4D5-009DDBD3888D}.Debug|Any CPU.Build.0 = Debug|Any CPU
		{EA8DABE5-317E-4094-A4D5-009DDBD3888D}.Release|Any CPU.ActiveCfg = Release|Any CPU
		{EA8DABE5-317E-4094-A4D5-009DDBD3888D}.Release|Any CPU.Build.0 = Release|Any CPU
	EndGlobalSection
	GlobalSection(SolutionProperties) = preSolution
		HideSolutionNode = FALSE
	EndGlobalSection
	GlobalSection(ExtensibilityGlobals) = postSolution
		SolutionGuid = {19FFEBC7-2410-4FFE-8E39-C0690CA177A5}
	EndGlobalSection
EndGlobal
